
Microsoft Visual Studio Solution File, Format Version 12.00
# Visual Studio Version 17
VisualStudioVersion = 17.4.33213.308
MinimumVisualStudioVersion = 10.0.40219.1
Project("{FAE04EC0-301F-11D3-BF4B-00C04F79EFBC}") = "DocRu", "DocRu\DocRu.csproj", "{C0A36EC1-67B8-4738-8977-858D43D61A7B}"
EndProject
Global
	GlobalSection(SolutionConfigurationPlatforms) = preSolution
		Debug|Any CPU = Debug|Any CPU
		Release|Any CPU = Release|Any CPU
	EndGlobalSection
	GlobalSection(ProjectConfigurationPlatforms) = postSolution
		{C0A36EC1-67B8-4738-8977-858D43D61A7B}.Debug|Any CPU.ActiveCfg = Debug|Any CPU
		{C0A36EC1-67B8-4738-8977-858D43D61A7B}.Debug|Any CPU.Build.0 = Debug|Any CPU
		{C0A36EC1-67B8-4738-8977-858D43D61A7B}.Release|Any CPU.ActiveCfg = Release|Any CPU
		{C0A36EC1-67B8-4738-8977-858D43D61A7B}.Release|Any CPU.Build.0 = Release|Any CPU
	EndGlobalSection
	GlobalSection(SolutionProperties) = preSolution
		HideSolutionNode = FALSE
	EndGlobalSection
	GlobalSection(ExtensibilityGlobals) = postSolution
		SolutionGuid = {D12B59DA-5BAE-4E8D-A19F-BD5046EA873A}
	EndGlobalSection
EndGlobal
